
Microsoft Visual Studio Solution File, Format Version 12.00
# Visual Studio 14
VisualStudioVersion = 14.0.25420.1
MinimumVisualStudioVersion = 10.0.40219.1
Project("{FAE04EC0-301F-11D3-BF4B-00C04F79EFBC}") = "SistemaJJ", "Sistema JJ\SistemaJJ.csproj", "{074BC0F8-B193-430D-8E29-D5B7385DEBFF}"
EndProject
Project("{FAE04EC0-301F-11D3-BF4B-00C04F79EFBC}") = "SistemaJJ.banco", "SistemaJJ.banco\SistemaJJ.banco.csproj", "{CD1C4E37-BD9D-4314-AC32-4C06737BBF25}"
EndProject
Project("{FAE04EC0-301F-11D3-BF4B-00C04F79EFBC}") = "Sistema.utilitarios", "Sistema.utilitarios\Sistema.utilitarios.csproj", "{E3686F61-41DC-464C-AABE-2FA0890D8418}"
EndProject
Global
	GlobalSection(SolutionConfigurationPlatforms) = preSolution
		Debug|Any CPU = Debug|Any CPU
		Release|Any CPU = Release|Any CPU
	EndGlobalSection
	GlobalSection(ProjectConfigurationPlatforms) = postSolution
		{074BC0F8-B193-430D-8E29-D5B7385DEBFF}.Debug|Any CPU.ActiveCfg = Debug|Any CPU
		{074BC0F8-B193-430D-8E29-D5B7385DEBFF}.Debug|Any CPU.Build.0 = Debug|Any CPU
		{074BC0F8-B193-430D-8E29-D5B7385DEBFF}.Release|Any CPU.ActiveCfg = Release|Any CPU
		{074BC0F8-B193-430D-8E29-D5B7385DEBFF}.Release|Any CPU.Build.0 = Release|Any CPU
		{CD1C4E37-BD9D-4314-AC32-4C06737BBF25}.Debug|Any CPU.ActiveCfg = Debug|Any CPU
		{CD1C4E37-BD9D-4314-AC32-4C06737BBF25}.Debug|Any CPU.Build.0 = Debug|Any CPU
		{CD1C4E37-BD9D-4314-AC32-4C06737BBF25}.Release|Any CPU.ActiveCfg = Release|Any CPU
		{CD1C4E37-BD9D-4314-AC32-4C06737BBF25}.Release|Any CPU.Build.0 = Release|Any CPU
		{E3686F61-41DC-464C-AABE-2FA0890D8418}.Debug|Any CPU.ActiveCfg = Debug|Any CPU
		{E3686F61-41DC-464C-AABE-2FA0890D8418}.Debug|Any CPU.Build.0 = Debug|Any CPU
		{E3686F61-41DC-464C-AABE-2FA0890D8418}.Release|Any CPU.ActiveCfg = Release|Any CPU
		{E3686F61-41DC-464C-AABE-2FA0890D8418}.Release|Any CPU.Build.0 = Release|Any CPU
	EndGlobalSection
	GlobalSection(SolutionProperties) = preSolution
		HideSolutionNode = FALSE
	EndGlobalSection
EndGlobal
